{
  "nodes": {
    "mediatek-mt7927-dkms": {
      "flake": false,
      "locked": {
        "lastModified": 1783265495,
        "narHash": "sha256-GXbwhZbvfWE+w9TgMReAsAFL/WkbCokzEiIChmX2d00=",
        "owner": "jetm",
        "repo": "mediatek-mt7927-dkms",
        "rev": "ad1f3e4d19fe540aaa1f449ddba86c65db9bfc82",
        "type": "github"
      },
      "original": {
        "owner": "jetm",
        "repo": "mediatek-mt7927-dkms",
        "type": "github"
      }
    },
    "nixpkgs": {
      "locked": {
        "lastModified": 1784356753,
        "narHash": "sha256-12KrbMiWLcf8m7pCvAtZh1ZrgF85ZXDXvfR/fWTKy84=",
        "owner": "NixOS",
        "repo": "nixpkgs",
        "rev": "61b7c44c4073f0b827768aff0049561b5110ea5a",
        "type": "github"
      },
      "original": {
        "owner": "NixOS",
        "ref": "nixos-unstable",
        "repo": "nixpkgs",
        "type": "github"
      }
    },
    "root": {
      "inputs": {
        "mediatek-mt7927-dkms": "mediatek-mt7927-dkms",
        "nixpkgs": "nixpkgs"
      }
    }
  },
  "root": "root",
  "version": 7
}
